
Microsoft Visual Studio Solution File, Format Version 12.00
# Visual Studio Version 17
VisualStudioVersion = 17.0.31903.59
MinimumVisualStudioVersion = 10.0.40219.1
Project("{2150E333-8FDC-42A3-9474-1A3956D46DE8}") = "src", "src", "{E29BD354-6749-4E09-85AE-9A8C05206DCC}"
EndProject
Project("{FAE04EC0-301F-11D3-BF4B-00C04F79EFBC}") = "ZcapLd.Core", "src\ZcapLd.Core\ZcapLd.Core.csproj", "{F0A1097F-8D94-43A0-965E-5DAC6D5E44A9}"
EndProject
Project("{FAE04EC0-301F-11D3-BF4B-00C04F79EFBC}") = "ZcapLd.AspNetCore", "src\ZcapLd.AspNetCore\ZcapLd.AspNetCore.csproj", "{7EFF512A-5EC5-41B7-BEEE-18839B390A1C}"
EndProject
Project("{2150E333-8FDC-42A3-9474-1A3956D46DE8}") = "tests", "tests", "{0AB3BF05-4346-4AA6-1389-037BE0695223}"
EndProject
Project("{FAE04EC0-301F-11D3-BF4B-00C04F79EFBC}") = "ZcapLd.Core.Tests", "tests\ZcapLd.Core.Tests\ZcapLd.Core.Tests.csproj", "{88FD88A1-D180-4E57-8CF7-9513329BB72F}"
EndProject
Project("{2150E333-8FDC-42A3-9474-1A3956D46DE8}") = "examples", "examples", "{B36A84DF-456D-A817-6EDD-3EC3E7F6E11F}"
EndProject
Project("{FAE04EC0-301F-11D3-BF4B-00C04F79EFBC}") = "ZcapLd.Examples", "examples\ZcapLd.Examples\ZcapLd.Examples.csproj", "{6B742E46-1D59-44BA-A604-FD7449CEF812}"
EndProject
Project("{FAE04EC0-301F-11D3-BF4B-00C04F79EFBC}") = "ZcapLd.RevocationEndpointsDemo", "examples\ZcapLd.RevocationEndpointsDemo\ZcapLd.RevocationEndpointsDemo.csproj", "{83F9A493-99F7-41DE-AC04-4B632E16060A}"
EndProject
Project("{FAE04EC0-301F-11D3-BF4B-00C04F79EFBC}") = "ZcapLd.AspNetCore.Tests", "tests\ZcapLd.AspNetCore.Tests\ZcapLd.AspNetCore.Tests.csproj", "{FDBCFE4B-200A-4E01-B3A9-555F4934B90F}"
EndProject
Global
	GlobalSection(SolutionConfigurationPlatforms) = preSolution
		Debug|Any CPU = Debug|Any CPU
		Debug|x64 = Debug|x64
		Debug|x86 = Debug|x86
		Release|Any CPU = Release|Any CPU
		Release|x64 = Release|x64
		Release|x86 = Release|x86
	EndGlobalSection
	GlobalSection(ProjectConfigurationPlatforms) = postSolution
		{F0A1097F-8D94-43A0-965E-5DAC6D5E44A9}.Debug|Any CPU.ActiveCfg = Debug|Any CPU
		{F0A1097F-8D94-43A0-965E-5DAC6D5E44A9}.Debug|Any CPU.Build.0 = Debug|Any CPU
		{F0A1097F-8D94-43A0-965E-5DAC6D5E44A9}.Debug|x64.ActiveCfg = Debug|Any CPU
		{F0A1097F-8D94-43A0-965E-5DAC6D5E44A9}.Debug|x64.Build.0 = Debug|Any CPU
		{F0A1097F-8D94-43A0-965E-5DAC6D5E44A9}.Debug|x86.ActiveCfg = Debug|Any CPU
		{F0A1097F-8D94-43A0-965E-5DAC6D5E44A9}.Debug|x86.Build.0 = Debug|Any CPU
		{F0A1097F-8D94-43A0-965E-5DAC6D5E44A9}.Release|Any CPU.ActiveCfg = Release|Any CPU
		{F0A1097F-8D94-43A0-965E-5DAC6D5E44A9}.Release|Any CPU.Build.0 = Release|Any CPU
		{F0A1097F-8D94-43A0-965E-5DAC6D5E44A9}.Release|x64.ActiveCfg = Release|Any CPU
		{F0A1097F-8D94-43A0-965E-5DAC6D5E44A9}.Release|x64.Build.0 = Release|Any CPU
		{F0A1097F-8D94-43A0-965E-5DAC6D5E44A9}.Release|x86.ActiveCfg = Release|Any CPU
		{F0A1097F-8D94-43A0-965E-5DAC6D5E44A9}.Release|x86.Build.0 = Release|Any CPU
		{7EFF512A-5EC5-41B7-BEEE-18839B390A1C}.Debug|Any CPU.ActiveCfg = Debug|Any CPU
		{7EFF512A-5EC5-41B7-BEEE-18839B390A1C}.Debug|Any CPU.Build.0 = Debug|Any CPU
		{7EFF512A-5EC5-41B7-BEEE-18839B390A1C}.Debug|x64.ActiveCfg = Debug|Any CPU
		{7EFF512A-5EC5-41B7-BEEE-18839B390A1C}.Debug|x64.Build.0 = Debug|Any CPU
		{7EFF512A-5EC5-41B7-BEEE-18839B390A1C}.Debug|x86.ActiveCfg = Debug|Any CPU
		{7EFF512A-5EC5-41B7-BEEE-18839B390A1C}.Debug|x86.Build.0 = Debug|Any CPU
		{7EFF512A-5EC5-41B7-BEEE-18839B390A1C}.Release|Any CPU.ActiveCfg = Release|Any CPU
		{7EFF512A-5EC5-41B7-BEEE-18839B390A1C}.Release|Any CPU.Build.0 = Release|Any CPU
		{7EFF512A-5EC5-41B7-BEEE-18839B390A1C}.Release|x64.ActiveCfg = Release|Any CPU
		{7EFF512A-5EC5-41B7-BEEE-18839B390A1C}.Release|x64.Build.0 = Release|Any CPU
		{7EFF512A-5EC5-41B7-BEEE-18839B390A1C}.Release|x86.ActiveCfg = Release|Any CPU
		{7EFF512A-5EC5-41B7-BEEE-18839B390A1C}.Release|x86.Build.0 = Release|Any CPU
		{88FD88A1-D180-4E57-8CF7-9513329BB72F}.Debug|Any CPU.ActiveCfg = Debug|Any CPU
		{88FD88A1-D180-4E57-8CF7-9513329BB72F}.Debug|Any CPU.Build.0 = Debug|Any CPU
		{88FD88A1-D180-4E57-8CF7-9513329BB72F}.Debug|x64.ActiveCfg = Debug|Any CPU
		{88FD88A1-D180-4E57-8CF7-9513329BB72F}.Debug|x64.Build.0 = Debug|Any CPU
		{88FD88A1-D180-4E57-8CF7-9513329BB72F}.Debug|x86.ActiveCfg = Debug|Any CPU
		{88FD88A1-D180-4E57-8CF7-9513329BB72F}.Debug|x86.Build.0 = Debug|Any CPU
		{88FD88A1-D180-4E57-8CF7-9513329BB72F}.Release|Any CPU.ActiveCfg = Release|Any CPU
		{88FD88A1-D180-4E57-8CF7-9513329BB72F}.Release|Any CPU.Build.0 = Release|Any CPU
		{88FD88A1-D180-4E57-8CF7-9513329BB72F}.Release|x64.ActiveCfg = Release|Any CPU
		{88FD88A1-D180-4E57-8CF7-9513329BB72F}.Release|x64.Build.0 = Release|Any CPU
		{88FD88A1-D180-4E57-8CF7-9513329BB72F}.Release|x86.ActiveCfg = Release|Any CPU
		{88FD88A1-D180-4E57-8CF7-9513329BB72F}.Release|x86.Build.0 = Release|Any CPU
		{6B742E46-1D59-44BA-A604-FD7449CEF812}.Debug|Any CPU.ActiveCfg = Debug|Any CPU
		{6B742E46-1D59-44BA-A604-FD7449CEF812}.Debug|Any CPU.Build.0 = Debug|Any CPU
		{6B742E46-1D59-44BA-A604-FD7449CEF812}.Debug|x64.ActiveCfg = Debug|Any CPU
		{6B742E46-1D59-44BA-A604-FD7449CEF812}.Debug|x64.Build.0 = Debug|Any CPU
		{6B742E46-1D59-44BA-A604-FD7449CEF812}.Debug|x86.ActiveCfg = Debug|Any CPU
		{6B742E46-1D59-44BA-A604-FD7449CEF812}.Debug|x86.Build.0 = Debug|Any CPU
		{6B742E46-1D59-44BA-A604-FD7449CEF812}.Release|Any CPU.ActiveCfg = Release|Any CPU
		{6B742E46-1D59-44BA-A604-FD7449CEF812}.Release|Any CPU.Build.0 = Release|Any CPU
		{6B742E46-1D59-44BA-A604-FD7449CEF812}.Release|x64.ActiveCfg = Release|Any CPU
		{6B742E46-1D59-44BA-A604-FD7449CEF812}.Release|x64.Build.0 = Release|Any CPU
		{6B742E46-1D59-44BA-A604-FD7449CEF812}.Release|x86.ActiveCfg = Release|Any CPU
		{6B742E46-1D59-44BA-A604-FD7449CEF812}.Release|x86.Build.0 = Release|Any CPU
		{83F9A493-99F7-41DE-AC04-4B632E16060A}.Debug|Any CPU.ActiveCfg = Debug|Any CPU
		{83F9A493-99F7-41DE-AC04-4B632E16060A}.Debug|Any CPU.Build.0 = Debug|Any CPU
		{83F9A493-99F7-41DE-AC04-4B632E16060A}.Debug|x64.ActiveCfg = Debug|Any CPU
		{83F9A493-99F7-41DE-AC04-4B632E16060A}.Debug|x64.Build.0 = Debug|Any CPU
		{83F9A493-99F7-41DE-AC04-4B632E16060A}.Debug|x86.ActiveCfg = Debug|Any CPU
		{83F9A493-99F7-41DE-AC04-4B632E16060A}.Debug|x86.Build.0 = Debug|Any CPU
		{83F9A493-99F7-41DE-AC04-4B632E16060A}.Release|Any CPU.ActiveCfg = Release|Any CPU
		{83F9A493-99F7-41DE-AC04-4B632E16060A}.Release|Any CPU.Build.0 = Release|Any CPU
		{83F9A493-99F7-41DE-AC04-4B632E16060A}.Release|x64.ActiveCfg = Release|Any CPU
		{83F9A493-99F7-41DE-AC04-4B632E16060A}.Release|x64.Build.0 = Release|Any CPU
		{83F9A493-99F7-41DE-AC04-4B632E16060A}.Release|x86.ActiveCfg = Release|Any CPU
		{83F9A493-99F7-41DE-AC04-4B632E16060A}.Release|x86.Build.0 = Release|Any CPU
		{FDBCFE4B-200A-4E01-B3A9-555F4934B90F}.Debug|Any CPU.ActiveCfg = Debug|Any CPU
		{FDBCFE4B-200A-4E01-B3A9-555F4934B90F}.Debug|Any CPU.Build.0 = Debug|Any CPU
		{FDBCFE4B-200A-4E01-B3A9-555F4934B90F}.Debug|x64.ActiveCfg = Debug|Any CPU
		{FDBCFE4B-200A-4E01-B3A9-555F4934B90F}.Debug|x64.Build.0 = Debug|Any CPU
		{FDBCFE4B-200A-4E01-B3A9-555F4934B90F}.Debug|x86.ActiveCfg = Debug|Any CPU
		{FDBCFE4B-200A-4E01-B3A9-555F4934B90F}.Debug|x86.Build.0 = Debug|Any CPU
		{FDBCFE4B-200A-4E01-B3A9-555F4934B90F}.Release|Any CPU.ActiveCfg = Release|Any CPU
		{FDBCFE4B-200A-4E01-B3A9-555F4934B90F}.Release|Any CPU.Build.0 = Release|Any CPU
		{FDBCFE4B-200A-4E01-B3A9-555F4934B90F}.Release|x64.ActiveCfg = Release|Any CPU
		{FDBCFE4B-200A-4E01-B3A9-555F4934B90F}.Release|x64.Build.0 = Release|Any CPU
		{FDBCFE4B-200A-4E01-B3A9-555F4934B90F}.Release|x86.ActiveCfg = Release|Any CPU
		{FDBCFE4B-200A-4E01-B3A9-555F4934B90F}.Release|x86.Build.0 = Release|Any CPU
	EndGlobalSection
	GlobalSection(SolutionProperties) = preSolution
		HideSolutionNode = FALSE
	EndGlobalSection
	GlobalSection(NestedProjects) = preSolution
		{F0A1097F-8D94-43A0-965E-5DAC6D5E44A9} = {E29BD354-6749-4E09-85AE-9A8C05206DCC}
		{7EFF512A-5EC5-41B7-BEEE-18839B390A1C} = {E29BD354-6749-4E09-85AE-9A8C05206DCC}
		{88FD88A1-D180-4E57-8CF7-9513329BB72F} = {0AB3BF05-4346-4AA6-1389-037BE0695223}
		{6B742E46-1D59-44BA-A604-FD7449CEF812} = {B36A84DF-456D-A817-6EDD-3EC3E7F6E11F}
		{83F9A493-99F7-41DE-AC04-4B632E16060A} = {B36A84DF-456D-A817-6EDD-3EC3E7F6E11F}
		{FDBCFE4B-200A-4E01-B3A9-555F4934B90F} = {0AB3BF05-4346-4AA6-1389-037BE0695223}
	EndGlobalSection
EndGlobal
